
Microsoft Visual Studio Solution File, Format Version 12.00
# Visual Studio Version 17
VisualStudioVersion = 17.13.35818.85 d17.13
MinimumVisualStudioVersion = 10.0.40219.1
Project("{FAE04EC0-301F-11D3-BF4B-00C04F79EFBC}") = "WCA_KararYapilari", "WCA_KararYapilari\WCA_KararYapilari.csproj", "{23740028-CE69-4FDF-80AD-5C36C8E1EDB8}"
EndProject
Project("{FAE04EC0-301F-11D3-BF4B-00C04F79EFBC}") = "WCA_BuyukSayi", "WCA_BuyukSayi\WCA_BuyukSayi.csproj", "{D6D1BCE4-6B3F-4376-AE6F-1EF13F3969BF}"
EndProject
Project("{FAE04EC0-301F-11D3-BF4B-00C04F79EFBC}") = "WCA_UcSayininSiralanisi", "WCA_UcSayininSiralanisi\WCA_UcSayininSiralanisi.csproj", "{F9C8D5D8-DE23-4519-822F-CDEC0A656E8B}"
EndProject
Project("{FAE04EC0-301F-11D3-BF4B-00C04F79EFBC}") = "WCA_AylaraGoreMevsimler", "WCA_AylaraGoreMevsimler\WCA_AylaraGoreMevsimler.csproj", "{AB2E15DA-FFAA-4685-81C8-D866E06051ED}"
EndProject
Project("{FAE04EC0-301F-11D3-BF4B-00C04F79EFBC}") = "WCA_KarmaOrnekler", "WCA_KarmaOrnekler\WCA_KarmaOrnekler.csproj", "{231C44FB-6DB3-40B8-A1FD-730DDF25CE10}"
EndProject
Global
	GlobalSection(SolutionConfigurationPlatforms) = preSolution
		Debug|Any CPU = Debug|Any CPU
		Release|Any CPU = Release|Any CPU
	EndGlobalSection
	GlobalSection(ProjectConfigurationPlatforms) = postSolution
		{23740028-CE69-4FDF-80AD-5C36C8E1EDB8}.Debug|Any CPU.ActiveCfg = Debug|Any CPU
		{23740028-CE69-4FDF-80AD-5C36C8E1EDB8}.Debug|Any CPU.Build.0 = Debug|Any CPU
		{23740028-CE69-4FDF-80AD-5C36C8E1EDB8}.Release|Any CPU.ActiveCfg = Release|Any CPU
		{23740028-CE69-4FDF-80AD-5C36C8E1EDB8}.Release|Any CPU.Build.0 = Release|Any CPU
		{D6D1BCE4-6B3F-4376-AE6F-1EF13F3969BF}.Debug|Any CPU.ActiveCfg = Debug|Any CPU
		{D6D1BCE4-6B3F-4376-AE6F-1EF13F3969BF}.Debug|Any CPU.Build.0 = Debug|Any CPU
		{D6D1BCE4-6B3F-4376-AE6F-1EF13F3969BF}.Release|Any CPU.ActiveCfg = Release|Any CPU
		{D6D1BCE4-6B3F-4376-AE6F-1EF13F3969BF}.Release|Any CPU.Build.0 = Release|Any CPU
		{F9C8D5D8-DE23-4519-822F-CDEC0A656E8B}.Debug|Any CPU.ActiveCfg = Debug|Any CPU
		{F9C8D5D8-DE23-4519-822F-CDEC0A656E8B}.Debug|Any CPU.Build.0 = Debug|Any CPU
		{F9C8D5D8-DE23-4519-822F-CDEC0A656E8B}.Release|Any CPU.ActiveCfg = Release|Any CPU
		{F9C8D5D8-DE23-4519-822F-CDEC0A656E8B}.Release|Any CPU.Build.0 = Release|Any CPU
		{AB2E15DA-FFAA-4685-81C8-D866E06051ED}.Debug|Any CPU.ActiveCfg = Debug|Any CPU
		{AB2E15DA-FFAA-4685-81C8-D866E06051ED}.Debug|Any CPU.Build.0 = Debug|Any CPU
		{AB2E15DA-FFAA-4685-81C8-D866E06051ED}.Release|Any CPU.ActiveCfg = Release|Any CPU
		{AB2E15DA-FFAA-4685-81C8-D866E06051ED}.Release|Any CPU.Build.0 = Release|Any CPU
		{231C44FB-6DB3-40B8-A1FD-730DDF25CE10}.Debug|Any CPU.ActiveCfg = Debug|Any CPU
		{231C44FB-6DB3-40B8-A1FD-730DDF25CE10}.Debug|Any CPU.Build.0 = Debug|Any CPU
		{231C44FB-6DB3-40B8-A1FD-730DDF25CE10}.Release|Any CPU.ActiveCfg = Release|Any CPU
		{231C44FB-6DB3-40B8-A1FD-730DDF25CE10}.Release|Any CPU.Build.0 = Release|Any CPU
	EndGlobalSection
	GlobalSection(SolutionProperties) = preSolution
		HideSolutionNode = FALSE
	EndGlobalSection
	GlobalSection(ExtensibilityGlobals) = postSolution
		SolutionGuid = {CBB9B3FC-CC27-4FFA-BE09-02535EDA8805}
	EndGlobalSection
EndGlobal
